
Microsoft Visual Studio Solution File, Format Version 12.00
# Visual Studio Version 17
VisualStudioVersion = 17.5.002.0
MinimumVisualStudioVersion = 10.0.40219.1
Project("{9A19103F-16F7-4668-BE54-9A1E7A4F7556}") = "Aweton.Mxw.PulsarWorker", "Aweton.Mxw.PulsarWorker.csproj", "{013DF665-3AF5-4549-9100-E666EC4633F0}"
EndProject
Global
	GlobalSection(SolutionConfigurationPlatforms) = preSolution
		Debug|Any CPU = Debug|Any CPU
		Release|Any CPU = Release|Any CPU
	EndGlobalSection
	GlobalSection(ProjectConfigurationPlatforms) = postSolution
		{013DF665-3AF5-4549-9100-E666EC4633F0}.Debug|Any CPU.ActiveCfg = Debug|Any CPU
		{013DF665-3AF5-4549-9100-E666EC4633F0}.Debug|Any CPU.Build.0 = Debug|Any CPU
		{013DF665-3AF5-4549-9100-E666EC4633F0}.Release|Any CPU.ActiveCfg = Release|Any CPU
		{013DF665-3AF5-4549-9100-E666EC4633F0}.Release|Any CPU.Build.0 = Release|Any CPU
	EndGlobalSection
	GlobalSection(SolutionProperties) = preSolution
		HideSolutionNode = FALSE
	EndGlobalSection
	GlobalSection(ExtensibilityGlobals) = postSolution
		SolutionGuid = {385776F0-19C9-40F9-9AAE-2D4E9672278B}
	EndGlobalSection
EndGlobal
